
Microsoft Visual Studio Solution File, Format Version 12.00
# Visual Studio Version 16
VisualStudioVersion = 16.0.31729.503
MinimumVisualStudioVersion = 10.0.40219.1
Project("{9A19103F-16F7-4668-BE54-9A1E7A4F7556}") = "TestWpfApp", "TestWpfApp.csproj", "{8189D3C2-D3AB-45A3-B1ED-6F294949C5ED}"
EndProject
Project("{54435603-DBB4-11D2-8724-00A0C9A8B90C}") = "Setup", "..\Setup\Setup.vdproj", "{CB727B3D-15BF-4F40-BA70-C9CD9CA55C29}"
EndProject
Global
	GlobalSection(SolutionConfigurationPlatforms) = preSolution
		Debug|Any CPU = Debug|Any CPU
		Release|Any CPU = Release|Any CPU
	EndGlobalSection
	GlobalSection(ProjectConfigurationPlatforms) = postSolution
		{8189D3C2-D3AB-45A3-B1ED-6F294949C5ED}.Debug|Any CPU.ActiveCfg = Debug|Any CPU
		{8189D3C2-D3AB-45A3-B1ED-6F294949C5ED}.Debug|Any CPU.Build.0 = Debug|Any CPU
		{8189D3C2-D3AB-45A3-B1ED-6F294949C5ED}.Release|Any CPU.ActiveCfg = Release|Any CPU
		{8189D3C2-D3AB-45A3-B1ED-6F294949C5ED}.Release|Any CPU.Build.0 = Release|Any CPU
		{CB727B3D-15BF-4F40-BA70-C9CD9CA55C29}.Debug|Any CPU.ActiveCfg = Debug
		{CB727B3D-15BF-4F40-BA70-C9CD9CA55C29}.Release|Any CPU.ActiveCfg = Release
	EndGlobalSection
	GlobalSection(SolutionProperties) = preSolution
		HideSolutionNode = FALSE
	EndGlobalSection
	GlobalSection(ExtensibilityGlobals) = postSolution
		SolutionGuid = {BB5A2654-8100-4A36-A141-54C76DD76F83}
	EndGlobalSection
EndGlobal
